
Microsoft Visual Studio Solution File, Format Version 12.00
# Visual Studio Version 16
VisualStudioVersion = 16.0.30711.63
MinimumVisualStudioVersion = 10.0.40219.1
Project("{9A19103F-16F7-4668-BE54-9A1E7A4F7556}") = "VcGrpcService", "VcGrpcService\VcGrpcService.csproj", "{02094F7A-B4D8-468D-8F04-9264044E47B5}"
EndProject
Project("{9A19103F-16F7-4668-BE54-9A1E7A4F7556}") = "Vc.Domain", "Vc.Domain\Vc.Domain.csproj", "{29B0CDB0-BA87-4B18-A232-B5439FBBAA12}"
EndProject
Project("{FAE04EC0-301F-11D3-BF4B-00C04F79EFBC}") = "GrpcClient", "GrpcClient\GrpcClient.csproj", "{F00A7B11-EB33-4903-A94E-6722EF4577FB}"
EndProject
Project("{E53339B2-1760-4266-BCC7-CA923CBCF16C}") = "docker-compose", "docker-compose.dcproj", "{447A60BA-934A-4A65-A5EC-4AD53629255C}"
EndProject
Global
	GlobalSection(SolutionConfigurationPlatforms) = preSolution
		Debug|Any CPU = Debug|Any CPU
		Release|Any CPU = Release|Any CPU
	EndGlobalSection
	GlobalSection(ProjectConfigurationPlatforms) = postSolution
		{02094F7A-B4D8-468D-8F04-9264044E47B5}.Debug|Any CPU.ActiveCfg = Debug|Any CPU
		{02094F7A-B4D8-468D-8F04-9264044E47B5}.Debug|Any CPU.Build.0 = Debug|Any CPU
		{02094F7A-B4D8-468D-8F04-9264044E47B5}.Release|Any CPU.ActiveCfg = Release|Any CPU
		{02094F7A-B4D8-468D-8F04-9264044E47B5}.Release|Any CPU.Build.0 = Release|Any CPU
		{29B0CDB0-BA87-4B18-A232-B5439FBBAA12}.Debug|Any CPU.ActiveCfg = Debug|Any CPU
		{29B0CDB0-BA87-4B18-A232-B5439FBBAA12}.Debug|Any CPU.Build.0 = Debug|Any CPU
		{29B0CDB0-BA87-4B18-A232-B5439FBBAA12}.Release|Any CPU.ActiveCfg = Release|Any CPU
		{29B0CDB0-BA87-4B18-A232-B5439FBBAA12}.Release|Any CPU.Build.0 = Release|Any CPU
		{F00A7B11-EB33-4903-A94E-6722EF4577FB}.Debug|Any CPU.ActiveCfg = Debug|Any CPU
		{F00A7B11-EB33-4903-A94E-6722EF4577FB}.Debug|Any CPU.Build.0 = Debug|Any CPU
		{F00A7B11-EB33-4903-A94E-6722EF4577FB}.Release|Any CPU.ActiveCfg = Release|Any CPU
		{F00A7B11-EB33-4903-A94E-6722EF4577FB}.Release|Any CPU.Build.0 = Release|Any CPU
		{447A60BA-934A-4A65-A5EC-4AD53629255C}.Debug|Any CPU.ActiveCfg = Debug|Any CPU
		{447A60BA-934A-4A65-A5EC-4AD53629255C}.Debug|Any CPU.Build.0 = Debug|Any CPU
		{447A60BA-934A-4A65-A5EC-4AD53629255C}.Release|Any CPU.ActiveCfg = Release|Any CPU
		{447A60BA-934A-4A65-A5EC-4AD53629255C}.Release|Any CPU.Build.0 = Release|Any CPU
	EndGlobalSection
	GlobalSection(SolutionProperties) = preSolution
		HideSolutionNode = FALSE
	EndGlobalSection
	GlobalSection(ExtensibilityGlobals) = postSolution
		SolutionGuid = {F8C66BA6-A6E5-4961-AFF5-0DAD2D99CC67}
	EndGlobalSection
EndGlobal
